
Microsoft Visual Studio Solution File, Format Version 12.00
# Visual Studio Version 17
VisualStudioVersion = 17.0.32112.339
MinimumVisualStudioVersion = 10.0.40219.1
Project("{FAE04EC0-301F-11D3-BF4B-00C04F79EFBC}") = "RPG Engine", "RPG Engine\RPG Engine.csproj", "{CFB168E0-0F20-4499-A41E-FD80B59F57B4}"
EndProject
Global
	GlobalSection(SolutionConfigurationPlatforms) = preSolution
		Debug|Any CPU = Debug|Any CPU
		Release|Any CPU = Release|Any CPU
	EndGlobalSection
	GlobalSection(ProjectConfigurationPlatforms) = postSolution
		{CFB168E0-0F20-4499-A41E-FD80B59F57B4}.Debug|Any CPU.ActiveCfg = Debug|Any CPU
		{CFB168E0-0F20-4499-A41E-FD80B59F57B4}.Debug|Any CPU.Build.0 = Debug|Any CPU
		{CFB168E0-0F20-4499-A41E-FD80B59F57B4}.Release|Any CPU.ActiveCfg = Release|Any CPU
		{CFB168E0-0F20-4499-A41E-FD80B59F57B4}.Release|Any CPU.Build.0 = Release|Any CPU
	EndGlobalSection
	GlobalSection(SolutionProperties) = preSolution
		HideSolutionNode = FALSE
	EndGlobalSection
	GlobalSection(ExtensibilityGlobals) = postSolution
		SolutionGuid = {409CBD3A-96E7-452D-9882-636B1A04C97E}
	EndGlobalSection
EndGlobal
